
Microsoft Visual Studio Solution File, Format Version 12.00
# Visual Studio 15
Project("{FAE04EC0-301F-11D3-BF4B-00C04F79EFBC}") = "Snake", "Snake\Snake.csproj", "{212176CF-1F65-422C-BCC1-12E06FBF7579}"
EndProject
Global
	GlobalSection(SolutionConfigurationPlatforms) = preSolution
		Debug|Any CPU = Debug|Any CPU
		Release|Any CPU = Release|Any CPU
	EndGlobalSection
	GlobalSection(ProjectConfigurationPlatforms) = postSolution
		{212176CF-1F65-422C-BCC1-12E06FBF7579}.Debug|Any CPU.ActiveCfg = Debug|Any CPU
		{212176CF-1F65-422C-BCC1-12E06FBF7579}.Debug|Any CPU.Build.0 = Debug|Any CPU
		{212176CF-1F65-422C-BCC1-12E06FBF7579}.Release|Any CPU.ActiveCfg = Release|Any CPU
		{212176CF-1F65-422C-BCC1-12E06FBF7579}.Release|Any CPU.Build.0 = Release|Any CPU
	EndGlobalSection
EndGlobal
